// !$*UTF8*$!
{
	archiveVersion = 1;
	classes = {
	};
	objectVersion = 50;
	objects = {

/* Begin PBXBuildFile section */
		189A03C020B3B46C0007056C /* LPAppDelegate.swift in Sources */ = {isa = PBXBuildFile; fileRef = 189A03BF20B3B46C0007056C /* LPAppDelegate.swift */; };
		189A03C220B3B46C0007056C /* LPMainViewController.swift in Sources */ = {isa = PBXBuildFile; fileRef = 189A03C120B3B46C0007056C /* LPMainViewController.swift */; };
		189A03C520B3B46C0007056C /* Main.storyboard in Resources */ = {isa = PBXBuildFile; fileRef = 189A03C320B3B46C0007056C /* Main.storyboard */; };
		189A03C720B3B46D0007056C /* Assets.xcassets in Resources */ = {isa = PBXBuildFile; fileRef = 189A03C620B3B46D0007056C /* Assets.xcassets */; };
		189A03CA20B3B46D0007056C /* LaunchScreen.storyboard in Resources */ = {isa = PBXBuildFile; fileRef = 189A03C820B3B46D0007056C /* LaunchScreen.storyboard */; };
		189A03D620B3B65D0007056C /* LPPageBar.framework in Frameworks */ = {isa = PBXBuildFile; fileRef = 189A03D520B3B65D0007056C /* LPPageBar.framework */; };
		189A03D720B3B65D0007056C /* LPPageBar.framework in Embed Frameworks */ = {isa = PBXBuildFile; fileRef = 189A03D520B3B65D0007056C /* LPPageBar.framework */; settings = {ATTRIBUTES = (CodeSignOnCopy, RemoveHeadersOnCopy, ); }; };
/* End PBXBuildFile section */

/* Begin PBXCopyFilesBuildPhase section */
		189A03D820B3B65D0007056C /* Embed Frameworks */ = {
			isa = PBXCopyFilesBuildPhase;
			buildActionMask = 2147483647;
			dstPath = "";
			dstSubfolderSpec = 10;
			files = (
				189A03D720B3B65D0007056C /* LPPageBar.framework in Embed Frameworks */,
			);
			name = "Embed Frameworks";
			runOnlyForDeploymentPostprocessing = 0;
		};
/* End PBXCopyFilesBuildPhase section */

/* Begin PBXFileReference section */
		189A03BC20B3B46C0007056C /* LPPageBarDemo.app */ = {isa = PBXFileReference; explicitFileType = wrapper.application; includeInIndex = 0; path = LPPageBarDemo.app; sourceTree = BUILT_PRODUCTS_DIR; };
		189A03BF20B3B46C0007056C /* LPAppDelegate.swift */ = {isa = PBXFileReference; lastKnownFileType = sourcecode.swift; path = LPAppDelegate.swift; sourceTree = "<group>"; };
		189A03C120B3B46C0007056C /* LPMainViewController.swift */ = {isa = PBXFileReference; lastKnownFileType = sourcecode.swift; path = LPMainViewController.swift; sourceTree = "<group>"; };
		189A03C420B3B46C0007056C /* Base */ = {isa = PBXFileReference; lastKnownFileType = file.storyboard; name = Base; path = Base.lproj/Main.storyboard; sourceTree = "<group>"; };
		189A03C620B3B46D0007056C /* Assets.xcassets */ = {isa = PBXFileReference; lastKnownFileType = folder.assetcatalog; path = Assets.xcassets; sourceTree = "<group>"; };
		189A03C920B3B46D0007056C /* Base */ = {isa = PBXFileReference; lastKnownFileType = file.storyboard; name = Base; path = Base.lproj/LaunchScreen.storyboard; sourceTree = "<group>"; };
		189A03CB20B3B46D0007056C /* Info.plist */ = {isa = PBXFileReference; lastKnownFileType = text.plist.xml; path = Info.plist; sourceTree = "<group>"; };
		189A03D520B3B65D0007056C /* LPPageBar.framework */ = {isa = PBXFileReference; explicitFileType = wrapper.framework; path = LPPageBar.framework; sourceTree = BUILT_PRODUCTS_DIR; };
/* End PBXFileReference section */

/* Begin PBXFrameworksBuildPhase section */
		189A03B920B3B46C0007056C /* Frameworks */ = {
			isa = PBXFrameworksBuildPhase;
			buildActionMask = 2147483647;
			files = (
				189A03D620B3B65D0007056C /* LPPageBar.framework in Frameworks */,
			);
			runOnlyForDeploymentPostprocessing = 0;
		};
/* End PBXFrameworksBuildPhase section */

/* Begin PBXGroup section */
		189A03B320B3B46C0007056C = {
			isa = PBXGroup;
			children = (
				189A03D520B3B65D0007056C /* LPPageBar.framework */,
				189A03BE20B3B46C0007056C /* LPPageBarDemo */,
				189A03BD20B3B46C0007056C /* Products */,
			);
			sourceTree = "<group>";
		};
		189A03BD20B3B46C0007056C /* Products */ = {
			isa = PBXGroup;
			children = (
				189A03BC20B3B46C0007056C /* LPPageBarDemo.app */,
			);
			name = Products;
			sourceTree = "<group>";
		};
		189A03BE20B3B46C0007056C /* LPPageBarDemo */ = {
			isa = PBXGroup;
			children = (
				189A03BF20B3B46C0007056C /* LPAppDelegate.swift */,
				189A03C120B3B46C0007056C /* LPMainViewController.swift */,
				189A03C320B3B46C0007056C /* Main.storyboard */,
				189A03C620B3B46D0007056C /* Assets.xcassets */,
				189A03C820B3B46D0007056C /* LaunchScreen.storyboard */,
				189A03CB20B3B46D0007056C /* Info.plist */,
			);
			path = LPPageBarDemo;
			sourceTree = "<group>";
		};
/* End PBXGroup section */

/* Begin PBXNativeTarget section */
		189A03BB20B3B46C0007056C /* LPPageBarDemo */ = {
			isa = PBXNativeTarget;
			buildConfigurationList = 189A03CE20B3B46D0007056C /* Build configuration list for PBXNativeTarget "LPPageBarDemo" */;
			buildPhases = (
				189A03B820B3B46C0007056C /* Sources */,
				189A03B920B3B46C0007056C /* Frameworks */,
				189A03BA20B3B46C0007056C /* Resources */,
				189A03D820B3B65D0007056C /* Embed Frameworks */,
			);
			buildRules = (
			);
			dependencies = (
			);
			name = LPPageBarDemo;
			productName = LPPageBarDemo;
			productReference = 189A03BC20B3B46C0007056C /* LPPageBarDemo.app */;
			productType = "com.apple.product-type.application";
		};
/* End PBXNativeTarget section */

/* Begin PBXProject section */
		189A03B420B3B46C0007056C /* Project object */ = {
			isa = PBXProject;
			attributes = {
				LastSwiftUpdateCheck = 0930;
				LastUpgradeCheck = 0930;
				ORGANIZATIONNAME = pengli;
				TargetAttributes = {
					189A03BB20B3B46C0007056C = {
						CreatedOnToolsVersion = 9.3.1;
					};
				};
			};
			buildConfigurationList = 189A03B720B3B46C0007056C /* Build configuration list for PBXProject "LPPageBarDemo" */;
			compatibilityVersion = "Xcode 9.3";
			developmentRegion = en;
			hasScannedForEncodings = 0;
			knownRegions = (
				en,
				Base,
			);
			mainGroup = 189A03B320B3B46C0007056C;
			productRefGroup = 189A03BD20B3B46C0007056C /* Products */;
			projectDirPath = "";
			projectRoot = "";
			targets = (
				189A03BB20B3B46C0007056C /* LPPageBarDemo */,
			);
		};
/* End PBXProject section */

/* Begin PBXResourcesBuildPhase section */
		189A03BA20B3B46C0007056C /* Resources */ = {
			isa = PBXResourcesBuildPhase;
			buildActionMask = 2147483647;
			files = (
				189A03CA20B3B46D0007056C /* LaunchScreen.storyboard in Resources */,
				189A03C720B3B46D0007056C /* Assets.xcassets in Resources */,
				189A03C520B3B46C0007056C /* Main.storyboard in Resources */,
			);
			runOnlyForDeploymentPostprocessing = 0;
		};
/* End PBXResourcesBuildPhase section */

/* Begin PBXSourcesBuildPhase section */
		189A03B820B3B46C0007056C /* Sources */ = {
			isa = PBXSourcesBuildPhase;
			buildActionMask = 2147483647;
			files = (
				189A03C220B3B46C0007056C /* LPMainViewController.swift in Sources */,
				189A03C020B3B46C0007056C /* LPAppDelegate.swift in Sources */,
			);
			runOnlyForDeploymentPostprocessing = 0;
		};
/* End PBXSourcesBuildPhase section */

/* Begin PBXVariantGroup section */
		189A03C320B3B46C0007056C /* Main.storyboard */ = {
			isa = PBXVariantGroup;
			children = (
				189A03C420B3B46C0007056C /* Base */,
			);
			name = Main.storyboard;
			sourceTree = "<group>";
		};
		189A03C820B3B46D0007056C /* LaunchScreen.storyboard */ = {
			isa = PBXVariantGroup;
			children = (
				189A03C920B3B46D0007056C /* Base */,
			);
			name = LaunchScreen.storyboard;
			sourceTree = "<group>";
		};
/* End PBXVariantGroup section */

/* Begin XCBuildConfiguration section */
		189A03CC20B3B46D0007056C /* Debug */ = {
			isa = XCBuildConfiguration;
			buildSettings = {
				ALWAYS_SEARCH_USER_PATHS = NO;
				CLANG_ANALYZER_NONNULL = YES;
				CLANG_ANALYZER_NUMBER_OBJECT_CONVERSION = YES_AGGRESSIVE;
				CLANG_CXX_LANGUAGE_STANDARD = "gnu++14";
				CLANG_CXX_LIBRARY = "libc++";
				CLANG_ENABLE_MODULES = YES;
				CLANG_ENABLE_OBJC_ARC = YES;
				CLANG_ENABLE_OBJC_WEAK = YES;
				CLANG_WARN_BLOCK_CAPTURE_AUTORELEASING = YES;
				CLANG_WARN_BOOL_CONVERSION = YES;
				CLANG_WARN_COMMA = YES;
				CLANG_WARN_CONSTANT_CONVERSION = YES;
				CLANG_WARN_DEPRECATED_OBJC_IMPLEMENTATIONS = YES;
				CLANG_WARN_DIRECT_OBJC_ISA_USAGE = YES_ERROR;
				CLANG_WARN_DOCUMENTATION_COMMENTS = YES;
				CLANG_WARN_EMPTY_BODY = YES;
				CLANG_WARN_ENUM_CONVERSION = YES;
				CLANG_WARN_INFINITE_RECURSION = YES;
				CLANG_WARN_INT_CONVERSION = YES;
				CLANG_WARN_NON_LITERAL_NULL_CONVERSION = YES;
				CLANG_WARN_OBJC_IMPLICIT_RETAIN_SELF = YES;
				CLANG_WARN_OBJC_LITERAL_CONVERSION = YES;
				CLANG_WARN_OBJC_ROOT_CLASS = YES_ERROR;
				CLANG_WARN_RANGE_LOOP_ANALYSIS = YES;
				CLANG_WARN_STRICT_PROTOTYPES = YES;
				CLANG_WARN_SUSPICIOUS_MOVE = YES;
				CLANG_WARN_UNGUARDED_AVAILABILITY = YES_AGGRESSIVE;
				CLANG_WARN_UNREACHABLE_CODE = YES;
				CLANG_WARN__DUPLICATE_METHOD_MATCH = YES;
				CODE_SIGN_IDENTITY = "iPhone Developer";
				COPY_PHASE_STRIP = NO;
				DEBUG_INFORMATION_FORMAT = dwarf;
				ENABLE_STRICT_OBJC_MSGSEND = YES;
				ENABLE_TESTABILITY = YES;
				GCC_C_LANGUAGE_STANDARD = gnu11;
				GCC_DYNAMIC_NO_PIC = NO;
				GCC_NO_COMMON_BLOCKS = YES;
				GCC_OPTIMIZATION_LEVEL = 0;
				GCC_PREPROCESSOR_DEFINITIONS = (
					"DEBUG=1",
					"$(inherited)",
				);
				GCC_WARN_64_TO_32_BIT_CONVERSION = YES;
				GCC_WARN_ABOUT_RETURN_TYPE = YES_ERROR;
				GCC_WARN_UNDECLARED_SELECTOR = YES;
				GCC_WARN_UNINITIALIZED_AUTOS = YES_AGGRESSIVE;
				GCC_WARN_UNUSED_FUNCTION = YES;
				GCC_WARN_UNUSED_VARIABLE = YES;
				IPHONEOS_DEPLOYMENT_TARGET = 11.3;
				MTL_ENABLE_DEBUG_INFO = YES;
				ONLY_ACTIVE_ARCH = YES;
				SDKROOT = iphoneos;
				SWIFT_ACTIVE_COMPILATION_CONDITIONS = DEBUG;
				SWIFT_OPTIMIZATION_LEVEL = "-Onone";
			};
			name = Debug;
		};
		189A03CD20B3B46D0007056C /* Release */ = {
			isa = XCBuildConfiguration;
			buildSettings = {
				ALWAYS_SEARCH_USER_PATHS = NO;
				CLANG_ANALYZER_NONNULL = YES;
				CLANG_ANALYZER_NUMBER_OBJECT_CONVERSION = YES_AGGRESSIVE;
				CLANG_CXX_LANGUAGE_STANDARD = "gnu++14";
				CLANG_CXX_LIBRARY = "libc++";
				CLANG_ENABLE_MODULES = YES;
				CLANG_ENABLE_OBJC_ARC = YES;
				CLANG_ENABLE_OBJC_WEAK = YES;
				CLANG_WARN_BLOCK_CAPTURE_AUTORELEASING = YES;
				CLANG_WARN_BOOL_CONVERSION = YES;
				CLANG_WARN_COMMA = YES;
				CLANG_WARN_CONSTANT_CONVERSION = YES;
				CLANG_WARN_DEPRECATED_OBJC_IMPLEMENTATIONS = YES;
				CLANG_WARN_DIRECT_OBJC_ISA_USAGE = YES_ERROR;
				CLANG_WARN_DOCUMENTATION_COMMENTS = YES;
				CLANG_WARN_EMPTY_BODY = YES;
				CLANG_WARN_ENUM_CONVERSION = YES;
				CLANG_WARN_INFINITE_RECURSION = YES;
				CLANG_WARN_INT_CONVERSION = YES;
				CLANG_WARN_NON_LITERAL_NULL_CONVERSION = YES;
				CLANG_WARN_OBJC_IMPLICIT_RETAIN_SELF = YES;
				CLANG_WARN_OBJC_LITERAL_CONVERSION = YES;
				CLANG_WARN_OBJC_ROOT_CLASS = YES_ERROR;
				CLANG_WARN_RANGE_LOOP_ANALYSIS = YES;
				CLANG_WARN_STRICT_PROTOTYPES = YES;
				CLANG_WARN_SUSPICIOUS_MOVE = YES;
				CLANG_WARN_UNGUARDED_AVAILABILITY = YES_AGGRESSIVE;
				CLANG_WARN_UNREACHABLE_CODE = YES;
				CLANG_WARN__DUPLICATE_METHOD_MATCH = YES;
				CODE_SIGN_IDENTITY = "iPhone Developer";
				COPY_PHASE_STRIP = NO;
				DEBUG_INFORMATION_FORMAT = "dwarf-with-dsym";
				ENABLE_NS_ASSERTIONS = NO;
				ENABLE_STRICT_OBJC_MSGSEND = YES;
				GCC_C_LANGUAGE_STANDARD = gnu11;
				GCC_NO_COMMON_BLOCKS = YES;
				GCC_WARN_64_TO_32_BIT_CONVERSION = YES;
				GCC_WARN_ABOUT_RETURN_TYPE = YES_ERROR;
				GCC_WARN_UNDECLARED_SELECTOR = YES;
				GCC_WARN_UNINITIALIZED_AUTOS = YES_AGGRESSIVE;
				GCC_WARN_UNUSED_FUNCTION = YES;
				GCC_WARN_UNUSED_VARIABLE = YES;
				IPHONEOS_DEPLOYMENT_TARGET = 11.3;
				MTL_ENABLE_DEBUG_INFO = NO;
				SDKROOT = iphoneos;
				SWIFT_COMPILATION_MODE = wholemodule;
				SWIFT_OPTIMIZATION_LEVEL = "-O";
				VALIDATE_PRODUCT = YES;
			};
			name = Release;
		};
		189A03CF20B3B46D0007056C /* Debug */ = {
			isa = XCBuildConfiguration;
			buildSettings = {
				ASSETCATALOG_COMPILER_APPICON_NAME = AppIcon;
				CODE_SIGN_STYLE = Automatic;
				INFOPLIST_FILE = LPPageBarDemo/Info.plist;
				LD_RUNPATH_SEARCH_PATHS = (
					"$(inherited)",
					"@executable_path/Frameworks",
				);
				PRODUCT_BUNDLE_IDENTIFIER = com.lp.waowang.LPPageBarDemo;
				PRODUCT_NAME = "$(TARGET_NAME)";
				SWIFT_VERSION = 4.0;
				TARGETED_DEVICE_FAMILY = "1,2";
			};
			name = Debug;
		};
		189A03D020B3B46D0007056C /* Release */ = {
			isa = XCBuildConfiguration;
			buildSettings = {
				ASSETCATALOG_COMPILER_APPICON_NAME = AppIcon;
				CODE_SIGN_STYLE = Automatic;
				INFOPLIST_FILE = LPPageBarDemo/Info.plist;
				LD_RUNPATH_SEARCH_PATHS = (
					"$(inherited)",
					"@executable_path/Frameworks",
				);
				PRODUCT_BUNDLE_IDENTIFIER = com.lp.waowang.LPPageBarDemo;
				PRODUCT_NAME = "$(TARGET_NAME)";
				SWIFT_VERSION = 4.0;
				TARGETED_DEVICE_FAMILY = "1,2";
			};
			name = Release;
		};
/* End XCBuildConfiguration section */

/* Begin XCConfigurationList section */
		189A03B720B3B46C0007056C /* Build configuration list for PBXProject "LPPageBarDemo" */ = {
			isa = XCConfigurationList;
			buildConfigurations = (
				189A03CC20B3B46D0007056C /* Debug */,
				189A03CD20B3B46D0007056C /* Release */,
			);
			defaultConfigurationIsVisible = 0;
			defaultConfigurationName = Release;
		};
		189A03CE20B3B46D0007056C /* Build configuration list for PBXNativeTarget "LPPageBarDemo" */ = {
			isa = XCConfigurationList;
			buildConfigurations = (
				189A03CF20B3B46D0007056C /* Debug */,
				189A03D020B3B46D0007056C /* Release */,
			);
			defaultConfigurationIsVisible = 0;
			defaultConfigurationName = Release;
		};
/* End XCConfigurationList section */
	};
	rootObject = 189A03B420B3B46C0007056C /* Project object */;
}
